
Microsoft Visual Studio Solution File, Format Version 12.00
# Visual Studio Version 16
VisualStudioVersion = 16.0.31410.357
MinimumVisualStudioVersion = 10.0.40219.1
Project("{FAE04EC0-301F-11D3-BF4B-00C04F79EFBC}") = "Start_EAS_Trans", "Start_EAS_Trans\Start_EAS_Trans.csproj", "{9F4F4076-8E0C-47BB-8684-0CD46A6583EE}"
EndProject
Global
	GlobalSection(SolutionConfigurationPlatforms) = preSolution
		Debug|Any CPU = Debug|Any CPU
		Release|Any CPU = Release|Any CPU
	EndGlobalSection
	GlobalSection(ProjectConfigurationPlatforms) = postSolution
		{9F4F4076-8E0C-47BB-8684-0CD46A6583EE}.Debug|Any CPU.ActiveCfg = Debug|Any CPU
		{9F4F4076-8E0C-47BB-8684-0CD46A6583EE}.Debug|Any CPU.Build.0 = Debug|Any CPU
		{9F4F4076-8E0C-47BB-8684-0CD46A6583EE}.Release|Any CPU.ActiveCfg = Release|Any CPU
		{9F4F4076-8E0C-47BB-8684-0CD46A6583EE}.Release|Any CPU.Build.0 = Release|Any CPU
	EndGlobalSection
	GlobalSection(SolutionProperties) = preSolution
		HideSolutionNode = FALSE
	EndGlobalSection
	GlobalSection(ExtensibilityGlobals) = postSolution
		SolutionGuid = {3F16A652-6C6B-4334-9350-65BB71D9DA1C}
	EndGlobalSection
EndGlobal
