
Microsoft Visual Studio Solution File, Format Version 12.00
# Visual Studio Version 16
VisualStudioVersion = 16.0.31410.357
MinimumVisualStudioVersion = 10.0.40219.1
Project("{FAE04EC0-301F-11D3-BF4B-00C04F79EFBC}") = "Smart explorer", "Smart explorer\Smart explorer.csproj", "{DE788C9D-D948-48BB-AB3C-40CD6201C6E7}"
EndProject
Global
	GlobalSection(SolutionConfigurationPlatforms) = preSolution
		Debug|Any CPU = Debug|Any CPU
		Release|Any CPU = Release|Any CPU
	EndGlobalSection
	GlobalSection(ProjectConfigurationPlatforms) = postSolution
		{DE788C9D-D948-48BB-AB3C-40CD6201C6E7}.Debug|Any CPU.ActiveCfg = Debug|Any CPU
		{DE788C9D-D948-48BB-AB3C-40CD6201C6E7}.Debug|Any CPU.Build.0 = Debug|Any CPU
		{DE788C9D-D948-48BB-AB3C-40CD6201C6E7}.Release|Any CPU.ActiveCfg = Release|Any CPU
		{DE788C9D-D948-48BB-AB3C-40CD6201C6E7}.Release|Any CPU.Build.0 = Release|Any CPU
	EndGlobalSection
	GlobalSection(SolutionProperties) = preSolution
		HideSolutionNode = FALSE
	EndGlobalSection
	GlobalSection(ExtensibilityGlobals) = postSolution
		SolutionGuid = {334A75B2-6106-474E-BE58-C78594BAFACC}
	EndGlobalSection
EndGlobal
